// !$*UTF8*$!
{
	archiveVersion = 1;
	classes = {
	};
	objectVersion = 50;
	objects = {

/* Begin PBXBuildFile section */
		C27BC9A025B3439C00C01126 /* AppDelegate.swift in Sources */ = {isa = PBXBuildFile; fileRef = C27BC99F25B3439C00C01126 /* AppDelegate.swift */; };
		C27BC9A225B3439C00C01126 /* SceneDelegate.swift in Sources */ = {isa = PBXBuildFile; fileRef = C27BC9A125B3439C00C01126 /* SceneDelegate.swift */; };
		C27BC9A425B3439C00C01126 /* ViewController.swift in Sources */ = {isa = PBXBuildFile; fileRef = C27BC9A325B3439C00C01126 /* ViewController.swift */; };
		C27BC9A725B3439C00C01126 /* Main.storyboard in Resources */ = {isa = PBXBuildFile; fileRef = C27BC9A525B3439C00C01126 /* Main.storyboard */; };
		C27BC9A925B3439E00C01126 /* Assets.xcassets in Resources */ = {isa = PBXBuildFile; fileRef = C27BC9A825B3439E00C01126 /* Assets.xcassets */; };
		C27BC9AC25B3439E00C01126 /* LaunchScreen.storyboard in Resources */ = {isa = PBXBuildFile; fileRef = C27BC9AA25B3439E00C01126 /* LaunchScreen.storyboard */; };
		C27BC9B725B3439E00C01126 /* SimpleMusicPlayerTests.swift in Sources */ = {isa = PBXBuildFile; fileRef = C27BC9B625B3439E00C01126 /* SimpleMusicPlayerTests.swift */; };
		C27BC9C225B3439E00C01126 /* SimpleMusicPlayerUITests.swift in Sources */ = {isa = PBXBuildFile; fileRef = C27BC9C125B3439E00C01126 /* SimpleMusicPlayerUITests.swift */; };
/* End PBXBuildFile section */

/* Begin PBXContainerItemProxy section */
		C27BC9B325B3439E00C01126 /* PBXContainerItemProxy */ = {
			isa = PBXContainerItemProxy;
			containerPortal = C27BC99425B3439C00C01126 /* Project object */;
			proxyType = 1;
			remoteGlobalIDString = C27BC99B25B3439C00C01126;
			remoteInfo = SimpleMusicPlayer;
		};
		C27BC9BE25B3439E00C01126 /* PBXContainerItemProxy */ = {
			isa = PBXContainerItemProxy;
			containerPortal = C27BC99425B3439C00C01126 /* Project object */;
			proxyType = 1;
			remoteGlobalIDString = C27BC99B25B3439C00C01126;
			remoteInfo = SimpleMusicPlayer;
		};
/* End PBXContainerItemProxy section */

/* Begin PBXFileReference section */
		C27BC99C25B3439C00C01126 /* SimpleMusicPlayer.app */ = {isa = PBXFileReference; explicitFileType = wrapper.application; includeInIndex = 0; path = SimpleMusicPlayer.app; sourceTree = BUILT_PRODUCTS_DIR; };
		C27BC99F25B3439C00C01126 /* AppDelegate.swift */ = {isa = PBXFileReference; lastKnownFileType = sourcecode.swift; path = AppDelegate.swift; sourceTree = "<group>"; };
		C27BC9A125B3439C00C01126 /* SceneDelegate.swift */ = {isa = PBXFileReference; lastKnownFileType = sourcecode.swift; path = SceneDelegate.swift; sourceTree = "<group>"; };
		C27BC9A325B3439C00C01126 /* ViewController.swift */ = {isa = PBXFileReference; lastKnownFileType = sourcecode.swift; path = ViewController.swift; sourceTree = "<group>"; };
		C27BC9A625B3439C00C01126 /* Base */ = {isa = PBXFileReference; lastKnownFileType = file.storyboard; name = Base; path = Base.lproj/Main.storyboard; sourceTree = "<group>"; };
		C27BC9A825B3439E00C01126 /* Assets.xcassets */ = {isa = PBXFileReference; lastKnownFileType = folder.assetcatalog; path = Assets.xcassets; sourceTree = "<group>"; };
		C27BC9AB25B3439E00C01126 /* Base */ = {isa = PBXFileReference; lastKnownFileType = file.storyboard; name = Base; path = Base.lproj/LaunchScreen.storyboard; sourceTree = "<group>"; };
		C27BC9AD25B3439E00C01126 /* Info.plist */ = {isa = PBXFileReference; lastKnownFileType = text.plist.xml; path = Info.plist; sourceTree = "<group>"; };
		C27BC9B225B3439E00C01126 /* SimpleMusicPlayerTests.xctest */ = {isa = PBXFileReference; explicitFileType = wrapper.cfbundle; includeInIndex = 0; path = SimpleMusicPlayerTests.xctest; sourceTree = BUILT_PRODUCTS_DIR; };
		C27BC9B625B3439E00C01126 /* SimpleMusicPlayerTests.swift */ = {isa = PBXFileReference; lastKnownFileType = sourcecode.swift; path = SimpleMusicPlayerTests.swift; sourceTree = "<group>"; };
		C27BC9B825B3439E00C01126 /* Info.plist */ = {isa = PBXFileReference; lastKnownFileType = text.plist.xml; path = Info.plist; sourceTree = "<group>"; };
		C27BC9BD25B3439E00C01126 /* SimpleMusicPlayerUITests.xctest */ = {isa = PBXFileReference; explicitFileType = wrapper.cfbundle; includeInIndex = 0; path = SimpleMusicPlayerUITests.xctest; sourceTree = BUILT_PRODUCTS_DIR; };
		C27BC9C125B3439E00C01126 /* SimpleMusicPlayerUITests.swift */ = {isa = PBXFileReference; lastKnownFileType = sourcecode.swift; path = SimpleMusicPlayerUITests.swift; sourceTree = "<group>"; };
		C27BC9C325B3439E00C01126 /* Info.plist */ = {isa = PBXFileReference; lastKnownFileType = text.plist.xml; path = Info.plist; sourceTree = "<group>"; };
/* End PBXFileReference section */

/* Begin PBXFrameworksBuildPhase section */
		C27BC99925B3439C00C01126 /* Frameworks */ = {
			isa = PBXFrameworksBuildPhase;
			buildActionMask = 2147483647;
			files = (
			);
			runOnlyForDeploymentPostprocessing = 0;
		};
		C27BC9AF25B3439E00C01126 /* Frameworks */ = {
			isa = PBXFrameworksBuildPhase;
			buildActionMask = 2147483647;
			files = (
			);
			runOnlyForDeploymentPostprocessing = 0;
		};
		C27BC9BA25B3439E00C01126 /* Frameworks */ = {
			isa = PBXFrameworksBuildPhase;
			buildActionMask = 2147483647;
			files = (
			);
			runOnlyForDeploymentPostprocessing = 0;
		};
/* End PBXFrameworksBuildPhase section */

/* Begin PBXGroup section */
		C27BC99325B3439C00C01126 = {
			isa = PBXGroup;
			children = (
				C27BC99E25B3439C00C01126 /* SimpleMusicPlayer */,
				C27BC9B525B3439E00C01126 /* SimpleMusicPlayerTests */,
				C27BC9C025B3439E00C01126 /* SimpleMusicPlayerUITests */,
				C27BC99D25B3439C00C01126 /* Products */,
			);
			sourceTree = "<group>";
		};
		C27BC99D25B3439C00C01126 /* Products */ = {
			isa = PBXGroup;
			children = (
				C27BC99C25B3439C00C01126 /* SimpleMusicPlayer.app */,
				C27BC9B225B3439E00C01126 /* SimpleMusicPlayerTests.xctest */,
				C27BC9BD25B3439E00C01126 /* SimpleMusicPlayerUITests.xctest */,
			);
			name = Products;
			sourceTree = "<group>";
		};
		C27BC99E25B3439C00C01126 /* SimpleMusicPlayer */ = {
			isa = PBXGroup;
			children = (
				C27BC99F25B3439C00C01126 /* AppDelegate.swift */,
				C27BC9A125B3439C00C01126 /* SceneDelegate.swift */,
				C27BC9A325B3439C00C01126 /* ViewController.swift */,
				C27BC9A525B3439C00C01126 /* Main.storyboard */,
				C27BC9A825B3439E00C01126 /* Assets.xcassets */,
				C27BC9AA25B3439E00C01126 /* LaunchScreen.storyboard */,
				C27BC9AD25B3439E00C01126 /* Info.plist */,
			);
			path = SimpleMusicPlayer;
			sourceTree = "<group>";
		};
		C27BC9B525B3439E00C01126 /* SimpleMusicPlayerTests */ = {
			isa = PBXGroup;
			children = (
				C27BC9B625B3439E00C01126 /* SimpleMusicPlayerTests.swift */,
				C27BC9B825B3439E00C01126 /* Info.plist */,
			);
			path = SimpleMusicPlayerTests;
			sourceTree = "<group>";
		};
		C27BC9C025B3439E00C01126 /* SimpleMusicPlayerUITests */ = {
			isa = PBXGroup;
			children = (
				C27BC9C125B3439E00C01126 /* SimpleMusicPlayerUITests.swift */,
				C27BC9C325B3439E00C01126 /* Info.plist */,
			);
			path = SimpleMusicPlayerUITests;
			sourceTree = "<group>";
		};
/* End PBXGroup section */

/* Begin PBXNativeTarget section */
		C27BC99B25B3439C00C01126 /* SimpleMusicPlayer */ = {
			isa = PBXNativeTarget;
			buildConfigurationList = C27BC9C625B3439E00C01126 /* Build configuration list for PBXNativeTarget "SimpleMusicPlayer" */;
			buildPhases = (
				C27BC99825B3439C00C01126 /* Sources */,
				C27BC99925B3439C00C01126 /* Frameworks */,
				C27BC99A25B3439C00C01126 /* Resources */,
			);
			buildRules = (
			);
			dependencies = (
			);
			name = SimpleMusicPlayer;
			productName = SimpleMusicPlayer;
			productReference = C27BC99C25B3439C00C01126 /* SimpleMusicPlayer.app */;
			productType = "com.apple.product-type.application";
		};
		C27BC9B125B3439E00C01126 /* SimpleMusicPlayerTests */ = {
			isa = PBXNativeTarget;
			buildConfigurationList = C27BC9C925B3439E00C01126 /* Build configuration list for PBXNativeTarget "SimpleMusicPlayerTests" */;
			buildPhases = (
				C27BC9AE25B3439E00C01126 /* Sources */,
				C27BC9AF25B3439E00C01126 /* Frameworks */,
				C27BC9B025B3439E00C01126 /* Resources */,
			);
			buildRules = (
			);
			dependencies = (
				C27BC9B425B3439E00C01126 /* PBXTargetDependency */,
			);
			name = SimpleMusicPlayerTests;
			productName = SimpleMusicPlayerTests;
			productReference = C27BC9B225B3439E00C01126 /* SimpleMusicPlayerTests.xctest */;
			productType = "com.apple.product-type.bundle.unit-test";
		};
		C27BC9BC25B3439E00C01126 /* SimpleMusicPlayerUITests */ = {
			isa = PBXNativeTarget;
			buildConfigurationList = C27BC9CC25B3439E00C01126 /* Build configuration list for PBXNativeTarget "SimpleMusicPlayerUITests" */;
			buildPhases = (
				C27BC9B925B3439E00C01126 /* Sources */,
				C27BC9BA25B3439E00C01126 /* Frameworks */,
				C27BC9BB25B3439E00C01126 /* Resources */,
			);
			buildRules = (
			);
			dependencies = (
				C27BC9BF25B3439E00C01126 /* PBXTargetDependency */,
			);
			name = SimpleMusicPlayerUITests;
			productName = SimpleMusicPlayerUITests;
			productReference = C27BC9BD25B3439E00C01126 /* SimpleMusicPlayerUITests.xctest */;
			productType = "com.apple.product-type.bundle.ui-testing";
		};
/* End PBXNativeTarget section */

/* Begin PBXProject section */
		C27BC99425B3439C00C01126 /* Project object */ = {
			isa = PBXProject;
			attributes = {
				LastSwiftUpdateCheck = 1230;
				LastUpgradeCheck = 1230;
				TargetAttributes = {
					C27BC99B25B3439C00C01126 = {
						CreatedOnToolsVersion = 12.3;
					};
					C27BC9B125B3439E00C01126 = {
						CreatedOnToolsVersion = 12.3;
						TestTargetID = C27BC99B25B3439C00C01126;
					};
					C27BC9BC25B3439E00C01126 = {
						CreatedOnToolsVersion = 12.3;
						TestTargetID = C27BC99B25B3439C00C01126;
					};
				};
			};
			buildConfigurationList = C27BC99725B3439C00C01126 /* Build configuration list for PBXProject "SimpleMusicPlayer" */;
			compatibilityVersion = "Xcode 9.3";
			developmentRegion = en;
			hasScannedForEncodings = 0;
			knownRegions = (
				en,
				Base,
			);
			mainGroup = C27BC99325B3439C00C01126;
			productRefGroup = C27BC99D25B3439C00C01126 /* Products */;
			projectDirPath = "";
			projectRoot = "";
			targets = (
				C27BC99B25B3439C00C01126 /* SimpleMusicPlayer */,
				C27BC9B125B3439E00C01126 /* SimpleMusicPlayerTests */,
				C27BC9BC25B3439E00C01126 /* SimpleMusicPlayerUITests */,
			);
		};
/* End PBXProject section */

/* Begin PBXResourcesBuildPhase section */
		C27BC99A25B3439C00C01126 /* Resources */ = {
			isa = PBXResourcesBuildPhase;
			buildActionMask = 2147483647;
			files = (
				C27BC9AC25B3439E00C01126 /* LaunchScreen.storyboard in Resources */,
				C27BC9A925B3439E00C01126 /* Assets.xcassets in Resources */,
				C27BC9A725B3439C00C01126 /* Main.storyboard in Resources */,
			);
			runOnlyForDeploymentPostprocessing = 0;
		};
		C27BC9B025B3439E00C01126 /* Resources */ = {
			isa = PBXResourcesBuildPhase;
			buildActionMask = 2147483647;
			files = (
			);
			runOnlyForDeploymentPostprocessing = 0;
		};
		C27BC9BB25B3439E00C01126 /* Resources */ = {
			isa = PBXResourcesBuildPhase;
			buildActionMask = 2147483647;
			files = (
			);
			runOnlyForDeploymentPostprocessing = 0;
		};
/* End PBXResourcesBuildPhase section */

/* Begin PBXSourcesBuildPhase section */
		C27BC99825B3439C00C01126 /* Sources */ = {
			isa = PBXSourcesBuildPhase;
			buildActionMask = 2147483647;
			files = (
				C27BC9A425B3439C00C01126 /* ViewController.swift in Sources */,
				C27BC9A025B3439C00C01126 /* AppDelegate.swift in Sources */,
				C27BC9A225B3439C00C01126 /* SceneDelegate.swift in Sources */,
			);
			runOnlyForDeploymentPostprocessing = 0;
		};
		C27BC9AE25B3439E00C01126 /* Sources */ = {
			isa = PBXSourcesBuildPhase;
			buildActionMask = 2147483647;
			files = (
				C27BC9B725B3439E00C01126 /* SimpleMusicPlayerTests.swift in Sources */,
			);
			runOnlyForDeploymentPostprocessing = 0;
		};
		C27BC9B925B3439E00C01126 /* Sources */ = {
			isa = PBXSourcesBuildPhase;
			buildActionMask = 2147483647;
			files = (
				C27BC9C225B3439E00C01126 /* SimpleMusicPlayerUITests.swift in Sources */,
			);
			runOnlyForDeploymentPostprocessing = 0;
		};
/* End PBXSourcesBuildPhase section */

/* Begin PBXTargetDependency section */
		C27BC9B425B3439E00C01126 /* PBXTargetDependency */ = {
			isa = PBXTargetDependency;
			target = C27BC99B25B3439C00C01126 /* SimpleMusicPlayer */;
			targetProxy = C27BC9B325B3439E00C01126 /* PBXContainerItemProxy */;
		};
		C27BC9BF25B3439E00C01126 /* PBXTargetDependency */ = {
			isa = PBXTargetDependency;
			target = C27BC99B25B3439C00C01126 /* SimpleMusicPlayer */;
			targetProxy = C27BC9BE25B3439E00C01126 /* PBXContainerItemProxy */;
		};
/* End PBXTargetDependency section */

/* Begin PBXVariantGroup section */
		C27BC9A525B3439C00C01126 /* Main.storyboard */ = {
			isa = PBXVariantGroup;
			children = (
				C27BC9A625B3439C00C01126 /* Base */,
			);
			name = Main.storyboard;
			sourceTree = "<group>";
		};
		C27BC9AA25B3439E00C01126 /* LaunchScreen.storyboard */ = {
			isa = PBXVariantGroup;
			children = (
				C27BC9AB25B3439E00C01126 /* Base */,
			);
			name = LaunchScreen.storyboard;
			sourceTree = "<group>";
		};
/* End PBXVariantGroup section */

/* Begin XCBuildConfiguration section */
		C27BC9C425B3439E00C01126 /* Debug */ = {
			isa = XCBuildConfiguration;
			buildSettings = {
				ALWAYS_SEARCH_USER_PATHS = NO;
				CLANG_ANALYZER_NONNULL = YES;
				CLANG_ANALYZER_NUMBER_OBJECT_CONVERSION = YES_AGGRESSIVE;
				CLANG_CXX_LANGUAGE_STANDARD = "gnu++14";
				CLANG_CXX_LIBRARY = "libc++";
				CLANG_ENABLE_MODULES = YES;
				CLANG_ENABLE_OBJC_ARC = YES;
				CLANG_ENABLE_OBJC_WEAK = YES;
				CLANG_WARN_BLOCK_CAPTURE_AUTORELEASING = YES;
				CLANG_WARN_BOOL_CONVERSION = YES;
				CLANG_WARN_COMMA = YES;
				CLANG_WARN_CONSTANT_CONVERSION = YES;
				CLANG_WARN_DEPRECATED_OBJC_IMPLEMENTATIONS = YES;
				CLANG_WARN_DIRECT_OBJC_ISA_USAGE = YES_ERROR;
				CLANG_WARN_DOCUMENTATION_COMMENTS = YES;
				CLANG_WARN_EMPTY_BODY = YES;
				CLANG_WARN_ENUM_CONVERSION = YES;
				CLANG_WARN_INFINITE_RECURSION = YES;
				CLANG_WARN_INT_CONVERSION = YES;
				CLANG_WARN_NON_LITERAL_NULL_CONVERSION = YES;
				CLANG_WARN_OBJC_IMPLICIT_RETAIN_SELF = YES;
				CLANG_WARN_OBJC_LITERAL_CONVERSION = YES;
				CLANG_WARN_OBJC_ROOT_CLASS = YES_ERROR;
				CLANG_WARN_QUOTED_INCLUDE_IN_FRAMEWORK_HEADER = YES;
				CLANG_WARN_RANGE_LOOP_ANALYSIS = YES;
				CLANG_WARN_STRICT_PROTOTYPES = YES;
				CLANG_WARN_SUSPICIOUS_MOVE = YES;
				CLANG_WARN_UNGUARDED_AVAILABILITY = YES_AGGRESSIVE;
				CLANG_WARN_UNREACHABLE_CODE = YES;
				CLANG_WARN__DUPLICATE_METHOD_MATCH = YES;
				COPY_PHASE_STRIP = NO;
				DEBUG_INFORMATION_FORMAT = dwarf;
				ENABLE_STRICT_OBJC_MSGSEND = YES;
				ENABLE_TESTABILITY = YES;
				GCC_C_LANGUAGE_STANDARD = gnu11;
				GCC_DYNAMIC_NO_PIC = NO;
				GCC_NO_COMMON_BLOCKS = YES;
				GCC_OPTIMIZATION_LEVEL = 0;
				GCC_PREPROCESSOR_DEFINITIONS = (
					"DEBUG=1",
					"$(inherited)",
				);
				GCC_WARN_64_TO_32_BIT_CONVERSION = YES;
				GCC_WARN_ABOUT_RETURN_TYPE = YES_ERROR;
				GCC_WARN_UNDECLARED_SELECTOR = YES;
				GCC_WARN_UNINITIALIZED_AUTOS = YES_AGGRESSIVE;
				GCC_WARN_UNUSED_FUNCTION = YES;
				GCC_WARN_UNUSED_VARIABLE = YES;
				IPHONEOS_DEPLOYMENT_TARGET = 14.3;
				MTL_ENABLE_DEBUG_INFO = INCLUDE_SOURCE;
				MTL_FAST_MATH = YES;
				ONLY_ACTIVE_ARCH = YES;
				SDKROOT = iphoneos;
				SWIFT_ACTIVE_COMPILATION_CONDITIONS = DEBUG;
				SWIFT_OPTIMIZATION_LEVEL = "-Onone";
			};
			name = Debug;
		};
		C27BC9C525B3439E00C01126 /* Release */ = {
			isa = XCBuildConfiguration;
			buildSettings = {
				ALWAYS_SEARCH_USER_PATHS = NO;
				CLANG_ANALYZER_NONNULL = YES;
				CLANG_ANALYZER_NUMBER_OBJECT_CONVERSION = YES_AGGRESSIVE;
				CLANG_CXX_LANGUAGE_STANDARD = "gnu++14";
				CLANG_CXX_LIBRARY = "libc++";
				CLANG_ENABLE_MODULES = YES;
				CLANG_ENABLE_OBJC_ARC = YES;
				CLANG_ENABLE_OBJC_WEAK = YES;
				CLANG_WARN_BLOCK_CAPTURE_AUTORELEASING = YES;
				CLANG_WARN_BOOL_CONVERSION = YES;
				CLANG_WARN_COMMA = YES;
				CLANG_WARN_CONSTANT_CONVERSION = YES;
				CLANG_WARN_DEPRECATED_OBJC_IMPLEMENTATIONS = YES;
				CLANG_WARN_DIRECT_OBJC_ISA_USAGE = YES_ERROR;
				CLANG_WARN_DOCUMENTATION_COMMENTS = YES;
				CLANG_WARN_EMPTY_BODY = YES;
				CLANG_WARN_ENUM_CONVERSION = YES;
				CLANG_WARN_INFINITE_RECURSION = YES;
				CLANG_WARN_INT_CONVERSION = YES;
				CLANG_WARN_NON_LITERAL_NULL_CONVERSION = YES;
				CLANG_WARN_OBJC_IMPLICIT_RETAIN_SELF = YES;
				CLANG_WARN_OBJC_LITERAL_CONVERSION = YES;
				CLANG_WARN_OBJC_ROOT_CLASS = YES_ERROR;
				CLANG_WARN_QUOTED_INCLUDE_IN_FRAMEWORK_HEADER = YES;
				CLANG_WARN_RANGE_LOOP_ANALYSIS = YES;
				CLANG_WARN_STRICT_PROTOTYPES = YES;
				CLANG_WARN_SUSPICIOUS_MOVE = YES;
				CLANG_WARN_UNGUARDED_AVAILABILITY = YES_AGGRESSIVE;
				CLANG_WARN_UNREACHABLE_CODE = YES;
				CLANG_WARN__DUPLICATE_METHOD_MATCH = YES;
				COPY_PHASE_STRIP = NO;
				DEBUG_INFORMATION_FORMAT = "dwarf-with-dsym";
				ENABLE_NS_ASSERTIONS = NO;
				ENABLE_STRICT_OBJC_MSGSEND = YES;
				GCC_C_LANGUAGE_STANDARD = gnu11;
				GCC_NO_COMMON_BLOCKS = YES;
				GCC_WARN_64_TO_32_BIT_CONVERSION = YES;
				GCC_WARN_ABOUT_RETURN_TYPE = YES_ERROR;
				GCC_WARN_UNDECLARED_SELECTOR = YES;
				GCC_WARN_UNINITIALIZED_AUTOS = YES_AGGRESSIVE;
				GCC_WARN_UNUSED_FUNCTION = YES;
				GCC_WARN_UNUSED_VARIABLE = YES;
				IPHONEOS_DEPLOYMENT_TARGET = 14.3;
				MTL_ENABLE_DEBUG_INFO = NO;
				MTL_FAST_MATH = YES;
				SDKROOT = iphoneos;
				SWIFT_COMPILATION_MODE = wholemodule;
				SWIFT_OPTIMIZATION_LEVEL = "-O";
				VALIDATE_PRODUCT = YES;
			};
			name = Release;
		};
		C27BC9C725B3439E00C01126 /* Debug */ = {
			isa = XCBuildConfiguration;
			buildSettings = {
				ASSETCATALOG_COMPILER_APPICON_NAME = AppIcon;
				ASSETCATALOG_COMPILER_GLOBAL_ACCENT_COLOR_NAME = AccentColor;
				CODE_SIGN_STYLE = Automatic;
				DEVELOPMENT_TEAM = 2BAFH26PYF;
				INFOPLIST_FILE = SimpleMusicPlayer/Info.plist;
				LD_RUNPATH_SEARCH_PATHS = (
					"$(inherited)",
					"@executable_path/Frameworks",
				);
				PRODUCT_BUNDLE_IDENTIFIER = jleeun.SimpleMusicPlayer;
				PRODUCT_NAME = "$(TARGET_NAME)";
				SWIFT_VERSION = 5.0;
				TARGETED_DEVICE_FAMILY = 1;
			};
			name = Debug;
		};
		C27BC9C825B3439E00C01126 /* Release */ = {
			isa = XCBuildConfiguration;
			buildSettings = {
				ASSETCATALOG_COMPILER_APPICON_NAME = AppIcon;
				ASSETCATALOG_COMPILER_GLOBAL_ACCENT_COLOR_NAME = AccentColor;
				CODE_SIGN_STYLE = Automatic;
				DEVELOPMENT_TEAM = 2BAFH26PYF;
				INFOPLIST_FILE = SimpleMusicPlayer/Info.plist;
				LD_RUNPATH_SEARCH_PATHS = (
					"$(inherited)",
					"@executable_path/Frameworks",
				);
				PRODUCT_BUNDLE_IDENTIFIER = jleeun.SimpleMusicPlayer;
				PRODUCT_NAME = "$(TARGET_NAME)";
				SWIFT_VERSION = 5.0;
				TARGETED_DEVICE_FAMILY = 1;
			};
			name = Release;
		};
		C27BC9CA25B3439E00C01126 /* Debug */ = {
			isa = XCBuildConfiguration;
			buildSettings = {
				ALWAYS_EMBED_SWIFT_STANDARD_LIBRARIES = YES;
				BUNDLE_LOADER = "$(TEST_HOST)";
				CODE_SIGN_STYLE = Automatic;
				INFOPLIST_FILE = SimpleMusicPlayerTests/Info.plist;
				IPHONEOS_DEPLOYMENT_TARGET = 14.3;
				LD_RUNPATH_SEARCH_PATHS = (
					"$(inherited)",
					"@executable_path/Frameworks",
					"@loader_path/Frameworks",
				);
				PRODUCT_BUNDLE_IDENTIFIER = jleeun.SimpleMusicPlayerTests;
				PRODUCT_NAME = "$(TARGET_NAME)";
				SWIFT_VERSION = 5.0;
				TARGETED_DEVICE_FAMILY = "1,2";
				TEST_HOST = "$(BUILT_PRODUCTS_DIR)/SimpleMusicPlayer.app/SimpleMusicPlayer";
			};
			name = Debug;
		};
		C27BC9CB25B3439E00C01126 /* Release */ = {
			isa = XCBuildConfiguration;
			buildSettings = {
				ALWAYS_EMBED_SWIFT_STANDARD_LIBRARIES = YES;
				BUNDLE_LOADER = "$(TEST_HOST)";
				CODE_SIGN_STYLE = Automatic;
				INFOPLIST_FILE = SimpleMusicPlayerTests/Info.plist;
				IPHONEOS_DEPLOYMENT_TARGET = 14.3;
				LD_RUNPATH_SEARCH_PATHS = (
					"$(inherited)",
					"@executable_path/Frameworks",
					"@loader_path/Frameworks",
				);
				PRODUCT_BUNDLE_IDENTIFIER = jleeun.SimpleMusicPlayerTests;
				PRODUCT_NAME = "$(TARGET_NAME)";
				SWIFT_VERSION = 5.0;
				TARGETED_DEVICE_FAMILY = "1,2";
				TEST_HOST = "$(BUILT_PRODUCTS_DIR)/SimpleMusicPlayer.app/SimpleMusicPlayer";
			};
			name = Release;
		};
		C27BC9CD25B3439E00C01126 /* Debug */ = {
			isa = XCBuildConfiguration;
			buildSettings = {
				ALWAYS_EMBED_SWIFT_STANDARD_LIBRARIES = YES;
				CODE_SIGN_STYLE = Automatic;
				INFOPLIST_FILE = SimpleMusicPlayerUITests/Info.plist;
				LD_RUNPATH_SEARCH_PATHS = (
					"$(inherited)",
					"@executable_path/Frameworks",
					"@loader_path/Frameworks",
				);
				PRODUCT_BUNDLE_IDENTIFIER = jleeun.SimpleMusicPlayerUITests;
				PRODUCT_NAME = "$(TARGET_NAME)";
				SWIFT_VERSION = 5.0;
				TARGETED_DEVICE_FAMILY = "1,2";
				TEST_TARGET_NAME = SimpleMusicPlayer;
			};
			name = Debug;
		};
		C27BC9CE25B3439E00C01126 /* Release */ = {
			isa = XCBuildConfiguration;
			buildSettings = {
				ALWAYS_EMBED_SWIFT_STANDARD_LIBRARIES = YES;
				CODE_SIGN_STYLE = Automatic;
				INFOPLIST_FILE = SimpleMusicPlayerUITests/Info.plist;
				LD_RUNPATH_SEARCH_PATHS = (
					"$(inherited)",
					"@executable_path/Frameworks",
					"@loader_path/Frameworks",
				);
				PRODUCT_BUNDLE_IDENTIFIER = jleeun.SimpleMusicPlayerUITests;
				PRODUCT_NAME = "$(TARGET_NAME)";
				SWIFT_VERSION = 5.0;
				TARGETED_DEVICE_FAMILY = "1,2";
				TEST_TARGET_NAME = SimpleMusicPlayer;
			};
			name = Release;
		};
/* End XCBuildConfiguration section */

/* Begin XCConfigurationList section */
		C27BC99725B3439C00C01126 /* Build configuration list for PBXProject "SimpleMusicPlayer" */ = {
			isa = XCConfigurationList;
			buildConfigurations = (
				C27BC9C425B3439E00C01126 /* Debug */,
				C27BC9C525B3439E00C01126 /* Release */,
			);
			defaultConfigurationIsVisible = 0;
			defaultConfigurationName = Release;
		};
		C27BC9C625B3439E00C01126 /* Build configuration list for PBXNativeTarget "SimpleMusicPlayer" */ = {
			isa = XCConfigurationList;
			buildConfigurations = (
				C27BC9C725B3439E00C01126 /* Debug */,
				C27BC9C825B3439E00C01126 /* Release */,
			);
			defaultConfigurationIsVisible = 0;
			defaultConfigurationName = Release;
		};
		C27BC9C925B3439E00C01126 /* Build configuration list for PBXNativeTarget "SimpleMusicPlayerTests" */ = {
			isa = XCConfigurationList;
			buildConfigurations = (
				C27BC9CA25B3439E00C01126 /* Debug */,
				C27BC9CB25B3439E00C01126 /* Release */,
			);
			defaultConfigurationIsVisible = 0;
			defaultConfigurationName = Release;
		};
		C27BC9CC25B3439E00C01126 /* Build configuration list for PBXNativeTarget "SimpleMusicPlayerUITests" */ = {
			isa = XCConfigurationList;
			buildConfigurations = (
				C27BC9CD25B3439E00C01126 /* Debug */,
				C27BC9CE25B3439E00C01126 /* Release */,
			);
			defaultConfigurationIsVisible = 0;
			defaultConfigurationName = Release;
		};
/* End XCConfigurationList section */
	};
	rootObject = C27BC99425B3439C00C01126 /* Project object */;
}
